<Solution>
  <Folder Name="/perf/">
    <File Path="pantry.js" />
  </Folder>
  <Folder Name="/src/">
    <Project Path="src/PantryChef.Api/PantryChef.Api.csproj" />
    <Project Path="src/PantryChef.Application/PantryChef.Application.csproj" />
    <Project Path="src/PantryChef.Contracts/PantryChef.Contracts.csproj" />
    <Project Path="src/PantryChef.Domain/PantryChef.Domain.csproj" />
    <Project Path="src/PantryChef.Infrastructure/PantryChef.Infrastructure.csproj" />
    <Project Path="src/PantryChef.Web/PantryChef.Web.csproj" />
  </Folder>
  <Folder Name="/tests/">
    <Project Path="tests/PantryChef.Tests/PantryChef.Tests.csproj" />
    <Project Path="tests/PantryChef.Web.Tests/PantryChef.Web.Tests.csproj" />
  </Folder>
</Solution>
